// !$*UTF8*$!
{
	archiveVersion = 1;
	classes = {
	};
	objectVersion = 55;
	objects = {

/* Begin PBXBuildFile section */
		9034865D287C8E72001A0240 /* ScrumView.swift in Sources */ = {isa = PBXBuildFile; fileRef = 9034865C287C8E72001A0240 /* ScrumView.swift */; };
		9034865F287C9608001A0240 /* DetailView.swift in Sources */ = {isa = PBXBuildFile; fileRef = 9034865E287C9608001A0240 /* DetailView.swift */; };
		903A5F6D287C77F0006AB3B6 /* ScrumdingerApp.swift in Sources */ = {isa = PBXBuildFile; fileRef = 903A5F6C287C77F0006AB3B6 /* ScrumdingerApp.swift */; };
		903A5F6F287C77F0006AB3B6 /* MeetingView.swift in Sources */ = {isa = PBXBuildFile; fileRef = 903A5F6E287C77F0006AB3B6 /* MeetingView.swift */; };
		903A5F71287C77F2006AB3B6 /* Assets.xcassets in Resources */ = {isa = PBXBuildFile; fileRef = 903A5F70287C77F2006AB3B6 /* Assets.xcassets */; };
		903A5F74287C77F2006AB3B6 /* Preview Assets.xcassets in Resources */ = {isa = PBXBuildFile; fileRef = 903A5F73287C77F2006AB3B6 /* Preview Assets.xcassets */; };
		903A5F7E287C77F2006AB3B6 /* ScrumdingerTests.swift in Sources */ = {isa = PBXBuildFile; fileRef = 903A5F7D287C77F2006AB3B6 /* ScrumdingerTests.swift */; };
		903A5F88287C77F2006AB3B6 /* ScrumdingerUITests.swift in Sources */ = {isa = PBXBuildFile; fileRef = 903A5F87287C77F2006AB3B6 /* ScrumdingerUITests.swift */; };
		903A5F8A287C77F2006AB3B6 /* ScrumdingerUITestsLaunchTests.swift in Sources */ = {isa = PBXBuildFile; fileRef = 903A5F89287C77F2006AB3B6 /* ScrumdingerUITestsLaunchTests.swift */; };
		903A5F98287C807C006AB3B6 /* Theme.swift in Sources */ = {isa = PBXBuildFile; fileRef = 903A5F97287C807C006AB3B6 /* Theme.swift */; };
		903A5F9A287C835A006AB3B6 /* DailyScrum.swift in Sources */ = {isa = PBXBuildFile; fileRef = 903A5F99287C835A006AB3B6 /* DailyScrum.swift */; };
		903A5F9C287C84B9006AB3B6 /* CardView.swift in Sources */ = {isa = PBXBuildFile; fileRef = 903A5F9B287C84B9006AB3B6 /* CardView.swift */; };
		903A5F9E287C8777006AB3B6 /* TrailingIconLabelStyle.swift in Sources */ = {isa = PBXBuildFile; fileRef = 903A5F9D287C8777006AB3B6 /* TrailingIconLabelStyle.swift */; };
/* End PBXBuildFile section */

/* Begin PBXContainerItemProxy section */
		903A5F7A287C77F2006AB3B6 /* PBXContainerItemProxy */ = {
			isa = PBXContainerItemProxy;
			containerPortal = 903A5F61287C77F0006AB3B6 /* Project object */;
			proxyType = 1;
			remoteGlobalIDString = 903A5F68287C77F0006AB3B6;
			remoteInfo = Scrumdinger;
		};
		903A5F84287C77F2006AB3B6 /* PBXContainerItemProxy */ = {
			isa = PBXContainerItemProxy;
			containerPortal = 903A5F61287C77F0006AB3B6 /* Project object */;
			proxyType = 1;
			remoteGlobalIDString = 903A5F68287C77F0006AB3B6;
			remoteInfo = Scrumdinger;
		};
/* End PBXContainerItemProxy section */

/* Begin PBXFileReference section */
		9034865C287C8E72001A0240 /* ScrumView.swift */ = {isa = PBXFileReference; lastKnownFileType = sourcecode.swift; path = ScrumView.swift; sourceTree = "<group>"; };
		9034865E287C9608001A0240 /* DetailView.swift */ = {isa = PBXFileReference; lastKnownFileType = sourcecode.swift; path = DetailView.swift; sourceTree = "<group>"; };
		903A5F69287C77F0006AB3B6 /* Scrumdinger.app */ = {isa = PBXFileReference; explicitFileType = wrapper.application; includeInIndex = 0; path = Scrumdinger.app; sourceTree = BUILT_PRODUCTS_DIR; };
		903A5F6C287C77F0006AB3B6 /* ScrumdingerApp.swift */ = {isa = PBXFileReference; lastKnownFileType = sourcecode.swift; path = ScrumdingerApp.swift; sourceTree = "<group>"; };
		903A5F6E287C77F0006AB3B6 /* MeetingView.swift */ = {isa = PBXFileReference; lastKnownFileType = sourcecode.swift; path = MeetingView.swift; sourceTree = "<group>"; };
		903A5F70287C77F2006AB3B6 /* Assets.xcassets */ = {isa = PBXFileReference; lastKnownFileType = folder.assetcatalog; path = Assets.xcassets; sourceTree = "<group>"; };
		903A5F73287C77F2006AB3B6 /* Preview Assets.xcassets */ = {isa = PBXFileReference; lastKnownFileType = folder.assetcatalog; path = "Preview Assets.xcassets"; sourceTree = "<group>"; };
		903A5F79287C77F2006AB3B6 /* ScrumdingerTests.xctest */ = {isa = PBXFileReference; explicitFileType = wrapper.cfbundle; includeInIndex = 0; path = ScrumdingerTests.xctest; sourceTree = BUILT_PRODUCTS_DIR; };
		903A5F7D287C77F2006AB3B6 /* ScrumdingerTests.swift */ = {isa = PBXFileReference; lastKnownFileType = sourcecode.swift; path = ScrumdingerTests.swift; sourceTree = "<group>"; };
		903A5F83287C77F2006AB3B6 /* ScrumdingerUITests.xctest */ = {isa = PBXFileReference; explicitFileType = wrapper.cfbundle; includeInIndex = 0; path = ScrumdingerUITests.xctest; sourceTree = BUILT_PRODUCTS_DIR; };
		903A5F87287C77F2006AB3B6 /* ScrumdingerUITests.swift */ = {isa = PBXFileReference; lastKnownFileType = sourcecode.swift; path = ScrumdingerUITests.swift; sourceTree = "<group>"; };
		903A5F89287C77F2006AB3B6 /* ScrumdingerUITestsLaunchTests.swift */ = {isa = PBXFileReference; lastKnownFileType = sourcecode.swift; path = ScrumdingerUITestsLaunchTests.swift; sourceTree = "<group>"; };
		903A5F97287C807C006AB3B6 /* Theme.swift */ = {isa = PBXFileReference; lastKnownFileType = sourcecode.swift; path = Theme.swift; sourceTree = "<group>"; };
		903A5F99287C835A006AB3B6 /* DailyScrum.swift */ = {isa = PBXFileReference; lastKnownFileType = sourcecode.swift; path = DailyScrum.swift; sourceTree = "<group>"; };
		903A5F9B287C84B9006AB3B6 /* CardView.swift */ = {isa = PBXFileReference; lastKnownFileType = sourcecode.swift; path = CardView.swift; sourceTree = "<group>"; };
		903A5F9D287C8777006AB3B6 /* TrailingIconLabelStyle.swift */ = {isa = PBXFileReference; lastKnownFileType = sourcecode.swift; path = TrailingIconLabelStyle.swift; sourceTree = "<group>"; };
/* End PBXFileReference section */

/* Begin PBXFrameworksBuildPhase section */
		903A5F66287C77F0006AB3B6 /* Frameworks */ = {
			isa = PBXFrameworksBuildPhase;
			buildActionMask = 2147483647;
			files = (
			);
			runOnlyForDeploymentPostprocessing = 0;
		};
		903A5F76287C77F2006AB3B6 /* Frameworks */ = {
			isa = PBXFrameworksBuildPhase;
			buildActionMask = 2147483647;
			files = (
			);
			runOnlyForDeploymentPostprocessing = 0;
		};
		903A5F80287C77F2006AB3B6 /* Frameworks */ = {
			isa = PBXFrameworksBuildPhase;
			buildActionMask = 2147483647;
			files = (
			);
			runOnlyForDeploymentPostprocessing = 0;
		};
/* End PBXFrameworksBuildPhase section */

/* Begin PBXGroup section */
		903A5F60287C77F0006AB3B6 = {
			isa = PBXGroup;
			children = (
				903A5F6B287C77F0006AB3B6 /* Scrumdinger */,
				903A5F7C287C77F2006AB3B6 /* ScrumdingerTests */,
				903A5F86287C77F2006AB3B6 /* ScrumdingerUITests */,
				903A5F6A287C77F0006AB3B6 /* Products */,
			);
			sourceTree = "<group>";
		};
		903A5F6A287C77F0006AB3B6 /* Products */ = {
			isa = PBXGroup;
			children = (
				903A5F69287C77F0006AB3B6 /* Scrumdinger.app */,
				903A5F79287C77F2006AB3B6 /* ScrumdingerTests.xctest */,
				903A5F83287C77F2006AB3B6 /* ScrumdingerUITests.xctest */,
			);
			name = Products;
			sourceTree = "<group>";
		};
		903A5F6B287C77F0006AB3B6 /* Scrumdinger */ = {
			isa = PBXGroup;
			children = (
				903A5F96287C8061006AB3B6 /* Models */,
				903A5F6C287C77F0006AB3B6 /* ScrumdingerApp.swift */,
				903A5F6E287C77F0006AB3B6 /* MeetingView.swift */,
				903A5F70287C77F2006AB3B6 /* Assets.xcassets */,
				903A5F72287C77F2006AB3B6 /* Preview Content */,
				903A5F9B287C84B9006AB3B6 /* CardView.swift */,
				903A5F9D287C8777006AB3B6 /* TrailingIconLabelStyle.swift */,
				9034865C287C8E72001A0240 /* ScrumView.swift */,
				9034865E287C9608001A0240 /* DetailView.swift */,
			);
			path = Scrumdinger;
			sourceTree = "<group>";
		};
		903A5F72287C77F2006AB3B6 /* Preview Content */ = {
			isa = PBXGroup;
			children = (
				903A5F73287C77F2006AB3B6 /* Preview Assets.xcassets */,
			);
			path = "Preview Content";
			sourceTree = "<group>";
		};
		903A5F7C287C77F2006AB3B6 /* ScrumdingerTests */ = {
			isa = PBXGroup;
			children = (
				903A5F7D287C77F2006AB3B6 /* ScrumdingerTests.swift */,
			);
			path = ScrumdingerTests;
			sourceTree = "<group>";
		};
		903A5F86287C77F2006AB3B6 /* ScrumdingerUITests */ = {
			isa = PBXGroup;
			children = (
				903A5F87287C77F2006AB3B6 /* ScrumdingerUITests.swift */,
				903A5F89287C77F2006AB3B6 /* ScrumdingerUITestsLaunchTests.swift */,
			);
			path = ScrumdingerUITests;
			sourceTree = "<group>";
		};
		903A5F96287C8061006AB3B6 /* Models */ = {
			isa = PBXGroup;
			children = (
				903A5F97287C807C006AB3B6 /* Theme.swift */,
				903A5F99287C835A006AB3B6 /* DailyScrum.swift */,
			);
			path = Models;
			sourceTree = "<group>";
		};
/* End PBXGroup section */

/* Begin PBXNativeTarget section */
		903A5F68287C77F0006AB3B6 /* Scrumdinger */ = {
			isa = PBXNativeTarget;
			buildConfigurationList = 903A5F8D287C77F2006AB3B6 /* Build configuration list for PBXNativeTarget "Scrumdinger" */;
			buildPhases = (
				903A5F65287C77F0006AB3B6 /* Sources */,
				903A5F66287C77F0006AB3B6 /* Frameworks */,
				903A5F67287C77F0006AB3B6 /* Resources */,
			);
			buildRules = (
			);
			dependencies = (
			);
			name = Scrumdinger;
			productName = Scrumdinger;
			productReference = 903A5F69287C77F0006AB3B6 /* Scrumdinger.app */;
			productType = "com.apple.product-type.application";
		};
		903A5F78287C77F2006AB3B6 /* ScrumdingerTests */ = {
			isa = PBXNativeTarget;
			buildConfigurationList = 903A5F90287C77F2006AB3B6 /* Build configuration list for PBXNativeTarget "ScrumdingerTests" */;
			buildPhases = (
				903A5F75287C77F2006AB3B6 /* Sources */,
				903A5F76287C77F2006AB3B6 /* Frameworks */,
				903A5F77287C77F2006AB3B6 /* Resources */,
			);
			buildRules = (
			);
			dependencies = (
				903A5F7B287C77F2006AB3B6 /* PBXTargetDependency */,
			);
			name = ScrumdingerTests;
			productName = ScrumdingerTests;
			productReference = 903A5F79287C77F2006AB3B6 /* ScrumdingerTests.xctest */;
			productType = "com.apple.product-type.bundle.unit-test";
		};
		903A5F82287C77F2006AB3B6 /* ScrumdingerUITests */ = {
			isa = PBXNativeTarget;
			buildConfigurationList = 903A5F93287C77F2006AB3B6 /* Build configuration list for PBXNativeTarget "ScrumdingerUITests" */;
			buildPhases = (
				903A5F7F287C77F2006AB3B6 /* Sources */,
				903A5F80287C77F2006AB3B6 /* Frameworks */,
				903A5F81287C77F2006AB3B6 /* Resources */,
			);
			buildRules = (
			);
			dependencies = (
				903A5F85287C77F2006AB3B6 /* PBXTargetDependency */,
			);
			name = ScrumdingerUITests;
			productName = ScrumdingerUITests;
			productReference = 903A5F83287C77F2006AB3B6 /* ScrumdingerUITests.xctest */;
			productType = "com.apple.product-type.bundle.ui-testing";
		};
/* End PBXNativeTarget section */

/* Begin PBXProject section */
		903A5F61287C77F0006AB3B6 /* Project object */ = {
			isa = PBXProject;
			attributes = {
				BuildIndependentTargetsInParallel = 1;
				LastSwiftUpdateCheck = 1340;
				LastUpgradeCheck = 1340;
				TargetAttributes = {
					903A5F68287C77F0006AB3B6 = {
						CreatedOnToolsVersion = 13.4.1;
					};
					903A5F78287C77F2006AB3B6 = {
						CreatedOnToolsVersion = 13.4.1;
						TestTargetID = 903A5F68287C77F0006AB3B6;
					};
					903A5F82287C77F2006AB3B6 = {
						CreatedOnToolsVersion = 13.4.1;
						TestTargetID = 903A5F68287C77F0006AB3B6;
					};
				};
			};
			buildConfigurationList = 903A5F64287C77F0006AB3B6 /* Build configuration list for PBXProject "Scrumdinger" */;
			compatibilityVersion = "Xcode 13.0";
			developmentRegion = en;
			hasScannedForEncodings = 0;
			knownRegions = (
				en,
				Base,
			);
			mainGroup = 903A5F60287C77F0006AB3B6;
			productRefGroup = 903A5F6A287C77F0006AB3B6 /* Products */;
			projectDirPath = "";
			projectRoot = "";
			targets = (
				903A5F68287C77F0006AB3B6 /* Scrumdinger */,
				903A5F78287C77F2006AB3B6 /* ScrumdingerTests */,
				903A5F82287C77F2006AB3B6 /* ScrumdingerUITests */,
			);
		};
/* End PBXProject section */

/* Begin PBXResourcesBuildPhase section */
		903A5F67287C77F0006AB3B6 /* Resources */ = {
			isa = PBXResourcesBuildPhase;
			buildActionMask = 2147483647;
			files = (
				903A5F74287C77F2006AB3B6 /* Preview Assets.xcassets in Resources */,
				903A5F71287C77F2006AB3B6 /* Assets.xcassets in Resources */,
			);
			runOnlyForDeploymentPostprocessing = 0;
		};
		903A5F77287C77F2006AB3B6 /* Resources */ = {
			isa = PBXResourcesBuildPhase;
			buildActionMask = 2147483647;
			files = (
			);
			runOnlyForDeploymentPostprocessing = 0;
		};
		903A5F81287C77F2006AB3B6 /* Resources */ = {
			isa = PBXResourcesBuildPhase;
			buildActionMask = 2147483647;
			files = (
			);
			runOnlyForDeploymentPostprocessing = 0;
		};
/* End PBXResourcesBuildPhase section */

/* Begin PBXSourcesBuildPhase section */
		903A5F65287C77F0006AB3B6 /* Sources */ = {
			isa = PBXSourcesBuildPhase;
			buildActionMask = 2147483647;
			files = (
				903A5F9A287C835A006AB3B6 /* DailyScrum.swift in Sources */,
				9034865F287C9608001A0240 /* DetailView.swift in Sources */,
				9034865D287C8E72001A0240 /* ScrumView.swift in Sources */,
				903A5F9E287C8777006AB3B6 /* TrailingIconLabelStyle.swift in Sources */,
				903A5F98287C807C006AB3B6 /* Theme.swift in Sources */,
				903A5F6F287C77F0006AB3B6 /* MeetingView.swift in Sources */,
				903A5F6D287C77F0006AB3B6 /* ScrumdingerApp.swift in Sources */,
				903A5F9C287C84B9006AB3B6 /* CardView.swift in Sources */,
			);
			runOnlyForDeploymentPostprocessing = 0;
		};
		903A5F75287C77F2006AB3B6 /* Sources */ = {
			isa = PBXSourcesBuildPhase;
			buildActionMask = 2147483647;
			files = (
				903A5F7E287C77F2006AB3B6 /* ScrumdingerTests.swift in Sources */,
			);
			runOnlyForDeploymentPostprocessing = 0;
		};
		903A5F7F287C77F2006AB3B6 /* Sources */ = {
			isa = PBXSourcesBuildPhase;
			buildActionMask = 2147483647;
			files = (
				903A5F8A287C77F2006AB3B6 /* ScrumdingerUITestsLaunchTests.swift in Sources */,
				903A5F88287C77F2006AB3B6 /* ScrumdingerUITests.swift in Sources */,
			);
			runOnlyForDeploymentPostprocessing = 0;
		};
/* End PBXSourcesBuildPhase section */

/* Begin PBXTargetDependency section */
		903A5F7B287C77F2006AB3B6 /* PBXTargetDependency */ = {
			isa = PBXTargetDependency;
			target = 903A5F68287C77F0006AB3B6 /* Scrumdinger */;
			targetProxy = 903A5F7A287C77F2006AB3B6 /* PBXContainerItemProxy */;
		};
		903A5F85287C77F2006AB3B6 /* PBXTargetDependency */ = {
			isa = PBXTargetDependency;
			target = 903A5F68287C77F0006AB3B6 /* Scrumdinger */;
			targetProxy = 903A5F84287C77F2006AB3B6 /* PBXContainerItemProxy */;
		};
/* End PBXTargetDependency section */

/* Begin XCBuildConfiguration section */
		903A5F8B287C77F2006AB3B6 /* Debug */ = {
			isa = XCBuildConfiguration;
			buildSettings = {
				ALWAYS_SEARCH_USER_PATHS = NO;
				CLANG_ANALYZER_NONNULL = YES;
				CLANG_ANALYZER_NUMBER_OBJECT_CONVERSION = YES_AGGRESSIVE;
				CLANG_CXX_LANGUAGE_STANDARD = "gnu++17";
				CLANG_ENABLE_MODULES = YES;
				CLANG_ENABLE_OBJC_ARC = YES;
				CLANG_ENABLE_OBJC_WEAK = YES;
				CLANG_WARN_BLOCK_CAPTURE_AUTORELEASING = YES;
				CLANG_WARN_BOOL_CONVERSION = YES;
				CLANG_WARN_COMMA = YES;
				CLANG_WARN_CONSTANT_CONVERSION = YES;
				CLANG_WARN_DEPRECATED_OBJC_IMPLEMENTATIONS = YES;
				CLANG_WARN_DIRECT_OBJC_ISA_USAGE = YES_ERROR;
				CLANG_WARN_DOCUMENTATION_COMMENTS = YES;
				CLANG_WARN_EMPTY_BODY = YES;
				CLANG_WARN_ENUM_CONVERSION = YES;
				CLANG_WARN_INFINITE_RECURSION = YES;
				CLANG_WARN_INT_CONVERSION = YES;
				CLANG_WARN_NON_LITERAL_NULL_CONVERSION = YES;
				CLANG_WARN_OBJC_IMPLICIT_RETAIN_SELF = YES;
				CLANG_WARN_OBJC_LITERAL_CONVERSION = YES;
				CLANG_WARN_OBJC_ROOT_CLASS = YES_ERROR;
				CLANG_WARN_QUOTED_INCLUDE_IN_FRAMEWORK_HEADER = YES;
				CLANG_WARN_RANGE_LOOP_ANALYSIS = YES;
				CLANG_WARN_STRICT_PROTOTYPES = YES;
				CLANG_WARN_SUSPICIOUS_MOVE = YES;
				CLANG_WARN_UNGUARDED_AVAILABILITY = YES_AGGRESSIVE;
				CLANG_WARN_UNREACHABLE_CODE = YES;
				CLANG_WARN__DUPLICATE_METHOD_MATCH = YES;
				COPY_PHASE_STRIP = NO;
				DEBUG_INFORMATION_FORMAT = dwarf;
				ENABLE_STRICT_OBJC_MSGSEND = YES;
				ENABLE_TESTABILITY = YES;
				GCC_C_LANGUAGE_STANDARD = gnu11;
				GCC_DYNAMIC_NO_PIC = NO;
				GCC_NO_COMMON_BLOCKS = YES;
				GCC_OPTIMIZATION_LEVEL = 0;
				GCC_PREPROCESSOR_DEFINITIONS = (
					"DEBUG=1",
					"$(inherited)",
				);
				GCC_WARN_64_TO_32_BIT_CONVERSION = YES;
				GCC_WARN_ABOUT_RETURN_TYPE = YES_ERROR;
				GCC_WARN_UNDECLARED_SELECTOR = YES;
				GCC_WARN_UNINITIALIZED_AUTOS = YES_AGGRESSIVE;
				GCC_WARN_UNUSED_FUNCTION = YES;
				GCC_WARN_UNUSED_VARIABLE = YES;
				IPHONEOS_DEPLOYMENT_TARGET = 15.5;
				MTL_ENABLE_DEBUG_INFO = INCLUDE_SOURCE;
				MTL_FAST_MATH = YES;
				ONLY_ACTIVE_ARCH = YES;
				SDKROOT = iphoneos;
				SWIFT_ACTIVE_COMPILATION_CONDITIONS = DEBUG;
				SWIFT_OPTIMIZATION_LEVEL = "-Onone";
			};
			name = Debug;
		};
		903A5F8C287C77F2006AB3B6 /* Release */ = {
			isa = XCBuildConfiguration;
			buildSettings = {
				ALWAYS_SEARCH_USER_PATHS = NO;
				CLANG_ANALYZER_NONNULL = YES;
				CLANG_ANALYZER_NUMBER_OBJECT_CONVERSION = YES_AGGRESSIVE;
				CLANG_CXX_LANGUAGE_STANDARD = "gnu++17";
				CLANG_ENABLE_MODULES = YES;
				CLANG_ENABLE_OBJC_ARC = YES;
				CLANG_ENABLE_OBJC_WEAK = YES;
				CLANG_WARN_BLOCK_CAPTURE_AUTORELEASING = YES;
				CLANG_WARN_BOOL_CONVERSION = YES;
				CLANG_WARN_COMMA = YES;
				CLANG_WARN_CONSTANT_CONVERSION = YES;
				CLANG_WARN_DEPRECATED_OBJC_IMPLEMENTATIONS = YES;
				CLANG_WARN_DIRECT_OBJC_ISA_USAGE = YES_ERROR;
				CLANG_WARN_DOCUMENTATION_COMMENTS = YES;
				CLANG_WARN_EMPTY_BODY = YES;
				CLANG_WARN_ENUM_CONVERSION = YES;
				CLANG_WARN_INFINITE_RECURSION = YES;
				CLANG_WARN_INT_CONVERSION = YES;
				CLANG_WARN_NON_LITERAL_NULL_CONVERSION = YES;
				CLANG_WARN_OBJC_IMPLICIT_RETAIN_SELF = YES;
				CLANG_WARN_OBJC_LITERAL_CONVERSION = YES;
				CLANG_WARN_OBJC_ROOT_CLASS = YES_ERROR;
				CLANG_WARN_QUOTED_INCLUDE_IN_FRAMEWORK_HEADER = YES;
				CLANG_WARN_RANGE_LOOP_ANALYSIS = YES;
				CLANG_WARN_STRICT_PROTOTYPES = YES;
				CLANG_WARN_SUSPICIOUS_MOVE = YES;
				CLANG_WARN_UNGUARDED_AVAILABILITY = YES_AGGRESSIVE;
				CLANG_WARN_UNREACHABLE_CODE = YES;
				CLANG_WARN__DUPLICATE_METHOD_MATCH = YES;
				COPY_PHASE_STRIP = NO;
				DEBUG_INFORMATION_FORMAT = "dwarf-with-dsym";
				ENABLE_NS_ASSERTIONS = NO;
				ENABLE_STRICT_OBJC_MSGSEND = YES;
				GCC_C_LANGUAGE_STANDARD = gnu11;
				GCC_NO_COMMON_BLOCKS = YES;
				GCC_WARN_64_TO_32_BIT_CONVERSION = YES;
				GCC_WARN_ABOUT_RETURN_TYPE = YES_ERROR;
				GCC_WARN_UNDECLARED_SELECTOR = YES;
				GCC_WARN_UNINITIALIZED_AUTOS = YES_AGGRESSIVE;
				GCC_WARN_UNUSED_FUNCTION = YES;
				GCC_WARN_UNUSED_VARIABLE = YES;
				IPHONEOS_DEPLOYMENT_TARGET = 15.5;
				MTL_ENABLE_DEBUG_INFO = NO;
				MTL_FAST_MATH = YES;
				SDKROOT = iphoneos;
				SWIFT_COMPILATION_MODE = wholemodule;
				SWIFT_OPTIMIZATION_LEVEL = "-O";
				VALIDATE_PRODUCT = YES;
			};
			name = Release;
		};
		903A5F8E287C77F2006AB3B6 /* Debug */ = {
			isa = XCBuildConfiguration;
			buildSettings = {
				ASSETCATALOG_COMPILER_APPICON_NAME = AppIcon;
				ASSETCATALOG_COMPILER_GLOBAL_ACCENT_COLOR_NAME = AccentColor;
				CODE_SIGN_STYLE = Automatic;
				CURRENT_PROJECT_VERSION = 1;
				DEVELOPMENT_ASSET_PATHS = "\"Scrumdinger/Preview Content\"";
				DEVELOPMENT_TEAM = HH79C5QA7P;
				ENABLE_PREVIEWS = YES;
				GENERATE_INFOPLIST_FILE = YES;
				INFOPLIST_KEY_UIApplicationSceneManifest_Generation = YES;
				INFOPLIST_KEY_UIApplicationSupportsIndirectInputEvents = YES;
				INFOPLIST_KEY_UILaunchScreen_Generation = YES;
				INFOPLIST_KEY_UISupportedInterfaceOrientations_iPad = "UIInterfaceOrientationPortrait UIInterfaceOrientationPortraitUpsideDown UIInterfaceOrientationLandscapeLeft UIInterfaceOrientationLandscapeRight";
				INFOPLIST_KEY_UISupportedInterfaceOrientations_iPhone = "UIInterfaceOrientationPortrait UIInterfaceOrientationLandscapeLeft UIInterfaceOrientationLandscapeRight";
				LD_RUNPATH_SEARCH_PATHS = (
					"$(inherited)",
					"@executable_path/Frameworks",
				);
				MARKETING_VERSION = 1.0;
				PRODUCT_BUNDLE_IDENTIFIER = josedr.Scrumdinger;
				PRODUCT_NAME = "$(TARGET_NAME)";
				SWIFT_EMIT_LOC_STRINGS = YES;
				SWIFT_VERSION = 5.0;
				TARGETED_DEVICE_FAMILY = "1,2";
			};
			name = Debug;
		};
		903A5F8F287C77F2006AB3B6 /* Release */ = {
			isa = XCBuildConfiguration;
			buildSettings = {
				ASSETCATALOG_COMPILER_APPICON_NAME = AppIcon;
				ASSETCATALOG_COMPILER_GLOBAL_ACCENT_COLOR_NAME = AccentColor;
				CODE_SIGN_STYLE = Automatic;
				CURRENT_PROJECT_VERSION = 1;
				DEVELOPMENT_ASSET_PATHS = "\"Scrumdinger/Preview Content\"";
				DEVELOPMENT_TEAM = HH79C5QA7P;
				ENABLE_PREVIEWS = YES;
				GENERATE_INFOPLIST_FILE = YES;
				INFOPLIST_KEY_UIApplicationSceneManifest_Generation = YES;
				INFOPLIST_KEY_UIApplicationSupportsIndirectInputEvents = YES;
				INFOPLIST_KEY_UILaunchScreen_Generation = YES;
				INFOPLIST_KEY_UISupportedInterfaceOrientations_iPad = "UIInterfaceOrientationPortrait UIInterfaceOrientationPortraitUpsideDown UIInterfaceOrientationLandscapeLeft UIInterfaceOrientationLandscapeRight";
				INFOPLIST_KEY_UISupportedInterfaceOrientations_iPhone = "UIInterfaceOrientationPortrait UIInterfaceOrientationLandscapeLeft UIInterfaceOrientationLandscapeRight";
				LD_RUNPATH_SEARCH_PATHS = (
					"$(inherited)",
					"@executable_path/Frameworks",
				);
				MARKETING_VERSION = 1.0;
				PRODUCT_BUNDLE_IDENTIFIER = josedr.Scrumdinger;
				PRODUCT_NAME = "$(TARGET_NAME)";
				SWIFT_EMIT_LOC_STRINGS = YES;
				SWIFT_VERSION = 5.0;
				TARGETED_DEVICE_FAMILY = "1,2";
			};
			name = Release;
		};
		903A5F91287C77F2006AB3B6 /* Debug */ = {
			isa = XCBuildConfiguration;
			buildSettings = {
				ALWAYS_EMBED_SWIFT_STANDARD_LIBRARIES = YES;
				BUNDLE_LOADER = "$(TEST_HOST)";
				CODE_SIGN_STYLE = Automatic;
				CURRENT_PROJECT_VERSION = 1;
				GENERATE_INFOPLIST_FILE = YES;
				IPHONEOS_DEPLOYMENT_TARGET = 15.5;
				MARKETING_VERSION = 1.0;
				PRODUCT_BUNDLE_IDENTIFIER = josedr.ScrumdingerTests;
				PRODUCT_NAME = "$(TARGET_NAME)";
				SWIFT_EMIT_LOC_STRINGS = NO;
				SWIFT_VERSION = 5.0;
				TARGETED_DEVICE_FAMILY = "1,2";
				TEST_HOST = "$(BUILT_PRODUCTS_DIR)/Scrumdinger.app/Scrumdinger";
			};
			name = Debug;
		};
		903A5F92287C77F2006AB3B6 /* Release */ = {
			isa = XCBuildConfiguration;
			buildSettings = {
				ALWAYS_EMBED_SWIFT_STANDARD_LIBRARIES = YES;
				BUNDLE_LOADER = "$(TEST_HOST)";
				CODE_SIGN_STYLE = Automatic;
				CURRENT_PROJECT_VERSION = 1;
				GENERATE_INFOPLIST_FILE = YES;
				IPHONEOS_DEPLOYMENT_TARGET = 15.5;
				MARKETING_VERSION = 1.0;
				PRODUCT_BUNDLE_IDENTIFIER = josedr.ScrumdingerTests;
				PRODUCT_NAME = "$(TARGET_NAME)";
				SWIFT_EMIT_LOC_STRINGS = NO;
				SWIFT_VERSION = 5.0;
				TARGETED_DEVICE_FAMILY = "1,2";
				TEST_HOST = "$(BUILT_PRODUCTS_DIR)/Scrumdinger.app/Scrumdinger";
			};
			name = Release;
		};
		903A5F94287C77F2006AB3B6 /* Debug */ = {
			isa = XCBuildConfiguration;
			buildSettings = {
				ALWAYS_EMBED_SWIFT_STANDARD_LIBRARIES = YES;
				CODE_SIGN_STYLE = Automatic;
				CURRENT_PROJECT_VERSION = 1;
				GENERATE_INFOPLIST_FILE = YES;
				MARKETING_VERSION = 1.0;
				PRODUCT_BUNDLE_IDENTIFIER = josedr.ScrumdingerUITests;
				PRODUCT_NAME = "$(TARGET_NAME)";
				SWIFT_EMIT_LOC_STRINGS = NO;
				SWIFT_VERSION = 5.0;
				TARGETED_DEVICE_FAMILY = "1,2";
				TEST_TARGET_NAME = Scrumdinger;
			};
			name = Debug;
		};
		903A5F95287C77F2006AB3B6 /* Release */ = {
			isa = XCBuildConfiguration;
			buildSettings = {
				ALWAYS_EMBED_SWIFT_STANDARD_LIBRARIES = YES;
				CODE_SIGN_STYLE = Automatic;
				CURRENT_PROJECT_VERSION = 1;
				GENERATE_INFOPLIST_FILE = YES;
				MARKETING_VERSION = 1.0;
				PRODUCT_BUNDLE_IDENTIFIER = josedr.ScrumdingerUITests;
				PRODUCT_NAME = "$(TARGET_NAME)";
				SWIFT_EMIT_LOC_STRINGS = NO;
				SWIFT_VERSION = 5.0;
				TARGETED_DEVICE_FAMILY = "1,2";
				TEST_TARGET_NAME = Scrumdinger;
			};
			name = Release;
		};
/* End XCBuildConfiguration section */

/* Begin XCConfigurationList section */
		903A5F64287C77F0006AB3B6 /* Build configuration list for PBXProject "Scrumdinger" */ = {
			isa = XCConfigurationList;
			buildConfigurations = (
				903A5F8B287C77F2006AB3B6 /* Debug */,
				903A5F8C287C77F2006AB3B6 /* Release */,
			);
			defaultConfigurationIsVisible = 0;
			defaultConfigurationName = Release;
		};
		903A5F8D287C77F2006AB3B6 /* Build configuration list for PBXNativeTarget "Scrumdinger" */ = {
			isa = XCConfigurationList;
			buildConfigurations = (
				903A5F8E287C77F2006AB3B6 /* Debug */,
				903A5F8F287C77F2006AB3B6 /* Release */,
			);
			defaultConfigurationIsVisible = 0;
			defaultConfigurationName = Release;
		};
		903A5F90287C77F2006AB3B6 /* Build configuration list for PBXNativeTarget "ScrumdingerTests" */ = {
			isa = XCConfigurationList;
			buildConfigurations = (
				903A5F91287C77F2006AB3B6 /* Debug */,
				903A5F92287C77F2006AB3B6 /* Release */,
			);
			defaultConfigurationIsVisible = 0;
			defaultConfigurationName = Release;
		};
		903A5F93287C77F2006AB3B6 /* Build configuration list for PBXNativeTarget "ScrumdingerUITests" */ = {
			isa = XCConfigurationList;
			buildConfigurations = (
				903A5F94287C77F2006AB3B6 /* Debug */,
				903A5F95287C77F2006AB3B6 /* Release */,
			);
			defaultConfigurationIsVisible = 0;
			defaultConfigurationName = Release;
		};
/* End XCConfigurationList section */
	};
	rootObject = 903A5F61287C77F0006AB3B6 /* Project object */;
}
